
Microsoft Visual Studio Solution File, Format Version 12.00
# Visual Studio Version 17
VisualStudioVersion = 17.10.34916.146
MinimumVisualStudioVersion = 10.0.40219.1
Project("{FAE04EC0-301F-11D3-BF4B-00C04F79EFBC}") = "JoinBike-SITE", "JoinBike-SITE.csproj", "{FA0BAE70-0C54-496B-B10D-3931B284966B}"
EndProject
Global
	GlobalSection(SolutionConfigurationPlatforms) = preSolution
		Debug|Any CPU = Debug|Any CPU
		Release|Any CPU = Release|Any CPU
	EndGlobalSection
	GlobalSection(ProjectConfigurationPlatforms) = postSolution
		{FA0BAE70-0C54-496B-B10D-3931B284966B}.Debug|Any CPU.ActiveCfg = Debug|Any CPU
		{FA0BAE70-0C54-496B-B10D-3931B284966B}.Debug|Any CPU.Build.0 = Debug|Any CPU
		{FA0BAE70-0C54-496B-B10D-3931B284966B}.Release|Any CPU.ActiveCfg = Release|Any CPU
		{FA0BAE70-0C54-496B-B10D-3931B284966B}.Release|Any CPU.Build.0 = Release|Any CPU
	EndGlobalSection
	GlobalSection(SolutionProperties) = preSolution
		HideSolutionNode = FALSE
	EndGlobalSection
	GlobalSection(ExtensibilityGlobals) = postSolution
		SolutionGuid = {66ACF368-9DAE-476E-AF85-A6673B9749C7}
	EndGlobalSection
EndGlobal
